
Microsoft Visual Studio Solution File, Format Version 12.00
# Visual Studio Version 16
VisualStudioVersion = 16.0.32106.194
MinimumVisualStudioVersion = 10.0.40219.1
Project("{FAE04EC0-301F-11D3-BF4B-00C04F79EFBC}") = "BloodyBypass", "BloodyBypass.csproj", "{D8BFEBE9-E02C-4112-B80F-FE5E9DCB484D}"
EndProject
Global
	GlobalSection(SolutionConfigurationPlatforms) = preSolution
		Debug|Any CPU = Debug|Any CPU
		Release|Any CPU = Release|Any CPU
	EndGlobalSection
	GlobalSection(ProjectConfigurationPlatforms) = postSolution
		{D8BFEBE9-E02C-4112-B80F-FE5E9DCB484D}.Debug|Any CPU.ActiveCfg = Debug|Any CPU
		{D8BFEBE9-E02C-4112-B80F-FE5E9DCB484D}.Debug|Any CPU.Build.0 = Debug|Any CPU
		{D8BFEBE9-E02C-4112-B80F-FE5E9DCB484D}.Release|Any CPU.ActiveCfg = Release|Any CPU
		{D8BFEBE9-E02C-4112-B80F-FE5E9DCB484D}.Release|Any CPU.Build.0 = Release|Any CPU
	EndGlobalSection
	GlobalSection(SolutionProperties) = preSolution
		HideSolutionNode = FALSE
	EndGlobalSection
	GlobalSection(ExtensibilityGlobals) = postSolution
		SolutionGuid = {7977ACD6-4985-4034-8A16-0974F0B35FBB}
	EndGlobalSection
EndGlobal
